#MicroXplorer Configuration settings - do not modify
ADC2.Channel-0\#ChannelRegularConversion=ADC_CHANNEL_2
ADC2.IPParameters=Rank-0\#ChannelRegularConversion,Channel-0\#ChannelRegularConversion,SamplingTime-0\#ChannelRegularConversion,NbrOfConversionFlag,Resolution
ADC2.NbrOfConversionFlag=1
ADC2.Rank-0\#ChannelRegularConversion=1
ADC2.Resolution=ADC_RESOLUTION_8B
ADC2.SamplingTime-0\#ChannelRegularConversion=ADC_SAMPLETIME_3CYCLES
ADC3.Channel-0\#ChannelRegularConversion=ADC_CHANNEL_1
ADC3.IPParameters=Rank-0\#ChannelRegularConversion,Channel-0\#ChannelRegularConversion,SamplingTime-0\#ChannelRegularConversion,NbrOfConversionFlag,Resolution
ADC3.NbrOfConversionFlag=1
ADC3.Rank-0\#ChannelRegularConversion=1
ADC3.Resolution=ADC_RESOLUTION_8B
ADC3.SamplingTime-0\#ChannelRegularConversion=ADC_SAMPLETIME_3CYCLES
Dma.I2C1_TX.0.Direction=DMA_MEMORY_TO_PERIPH
Dma.I2C1_TX.0.FIFOMode=DMA_FIFOMODE_DISABLE
Dma.I2C1_TX.0.Instance=DMA1_Stream6
Dma.I2C1_TX.0.MemDataAlignment=DMA_MDATAALIGN_BYTE
Dma.I2C1_TX.0.MemInc=DMA_MINC_ENABLE
Dma.I2C1_TX.0.Mode=DMA_NORMAL
Dma.I2C1_TX.0.PeriphDataAlignment=DMA_PDATAALIGN_BYTE
Dma.I2C1_TX.0.PeriphInc=DMA_PINC_DISABLE
Dma.I2C1_TX.0.Priority=DMA_PRIORITY_LOW
Dma.I2C1_TX.0.RequestParameters=Instance,Direction,PeriphInc,MemInc,PeriphDataAlignment,MemDataAlignment,Mode,Priority,FIFOMode
Dma.I2C2_RX.1.Direction=DMA_PERIPH_TO_MEMORY
Dma.I2C2_RX.1.FIFOMode=DMA_FIFOMODE_DISABLE
Dma.I2C2_RX.1.Instance=DMA1_Stream2
Dma.I2C2_RX.1.MemDataAlignment=DMA_MDATAALIGN_BYTE
Dma.I2C2_RX.1.MemInc=DMA_MINC_ENABLE
Dma.I2C2_RX.1.Mode=DMA_NORMAL
Dma.I2C2_RX.1.PeriphDataAlignment=DMA_PDATAALIGN_BYTE
Dma.I2C2_RX.1.PeriphInc=DMA_PINC_DISABLE
Dma.I2C2_RX.1.Priority=DMA_PRIORITY_LOW
Dma.I2C2_RX.1.RequestParameters=Instance,Direction,PeriphInc,MemInc,PeriphDataAlignment,MemDataAlignment,Mode,Priority,FIFOMode
Dma.I2C2_TX.2.Direction=DMA_MEMORY_TO_PERIPH
Dma.I2C2_TX.2.FIFOMode=DMA_FIFOMODE_DISABLE
Dma.I2C2_TX.2.Instance=DMA1_Stream7
Dma.I2C2_TX.2.MemDataAlignment=DMA_MDATAALIGN_BYTE
Dma.I2C2_TX.2.MemInc=DMA_MINC_ENABLE
Dma.I2C2_TX.2.Mode=DMA_NORMAL
Dma.I2C2_TX.2.PeriphDataAlignment=DMA_PDATAALIGN_BYTE
Dma.I2C2_TX.2.PeriphInc=DMA_PINC_DISABLE
Dma.I2C2_TX.2.Priority=DMA_PRIORITY_LOW
Dma.I2C2_TX.2.RequestParameters=Instance,Direction,PeriphInc,MemInc,PeriphDataAlignment,MemDataAlignment,Mode,Priority,FIFOMode
Dma.MEMTOMEM.3.Direction=DMA_MEMORY_TO_MEMORY
Dma.MEMTOMEM.3.FIFOMode=DMA_FIFOMODE_ENABLE
Dma.MEMTOMEM.3.FIFOThreshold=DMA_FIFO_THRESHOLD_FULL
Dma.MEMTOMEM.3.Instance=DMA2_Stream0
Dma.MEMTOMEM.3.MemBurst=DMA_MBURST_SINGLE
Dma.MEMTOMEM.3.MemDataAlignment=DMA_MDATAALIGN_BYTE
Dma.MEMTOMEM.3.MemInc=DMA_MINC_ENABLE
Dma.MEMTOMEM.3.Mode=DMA_NORMAL
Dma.MEMTOMEM.3.PeriphBurst=DMA_PBURST_SINGLE
Dma.MEMTOMEM.3.PeriphDataAlignment=DMA_PDATAALIGN_BYTE
Dma.MEMTOMEM.3.PeriphInc=DMA_PINC_ENABLE
Dma.MEMTOMEM.3.Priority=DMA_PRIORITY_LOW
Dma.MEMTOMEM.3.RequestParameters=Instance,Direction,PeriphInc,MemInc,PeriphDataAlignment,MemDataAlignment,Mode,Priority,FIFOMode,FIFOThreshold,MemBurst,PeriphBurst
Dma.MEMTOMEM.4.Direction=DMA_MEMORY_TO_MEMORY
Dma.MEMTOMEM.4.FIFOMode=DMA_FIFOMODE_ENABLE
Dma.MEMTOMEM.4.FIFOThreshold=DMA_FIFO_THRESHOLD_FULL
Dma.MEMTOMEM.4.Instance=DMA2_Stream1
Dma.MEMTOMEM.4.MemBurst=DMA_MBURST_SINGLE
Dma.MEMTOMEM.4.MemDataAlignment=DMA_MDATAALIGN_BYTE
Dma.MEMTOMEM.4.MemInc=DMA_MINC_ENABLE
Dma.MEMTOMEM.4.Mode=DMA_NORMAL
Dma.MEMTOMEM.4.PeriphBurst=DMA_PBURST_SINGLE
Dma.MEMTOMEM.4.PeriphDataAlignment=DMA_PDATAALIGN_BYTE
Dma.MEMTOMEM.4.PeriphInc=DMA_PINC_ENABLE
Dma.MEMTOMEM.4.Priority=DMA_PRIORITY_MEDIUM
Dma.MEMTOMEM.4.RequestParameters=Instance,Direction,PeriphInc,MemInc,PeriphDataAlignment,MemDataAlignment,Mode,Priority,FIFOMode,FIFOThreshold,MemBurst,PeriphBurst
Dma.Request0=I2C1_TX
Dma.Request1=I2C2_RX
Dma.Request2=I2C2_TX
Dma.Request3=MEMTOMEM
Dma.Request4=MEMTOMEM
Dma.RequestsNb=5
File.Version=6
GPIO.groupedBy=
I2C1.I2C_Mode=I2C_Fast
I2C1.IPParameters=I2C_Mode
IWDG.IPParameters=Prescaler,Reload
IWDG.Prescaler=IWDG_PRESCALER_256
IWDG.Reload=625
KeepUserPlacement=false
Mcu.Family=STM32F4
Mcu.IP0=ADC2
Mcu.IP1=ADC3
Mcu.IP10=TIM13
Mcu.IP11=TIM14
Mcu.IP12=USART1
Mcu.IP2=DMA
Mcu.IP3=I2C1
Mcu.IP4=I2C2
Mcu.IP5=IWDG
Mcu.IP6=NVIC
Mcu.IP7=RCC
Mcu.IP8=SYS
Mcu.IP9=TIM11
Mcu.IPNb=13
Mcu.Name=STM32F407V(E-G)Tx
Mcu.Package=LQFP100
Mcu.Pin0=PC14-OSC32_IN
Mcu.Pin1=PC15-OSC32_OUT
Mcu.Pin10=PA9
Mcu.Pin11=PA10
Mcu.Pin12=PB6
Mcu.Pin13=PB7
Mcu.Pin14=PB8
Mcu.Pin15=VP_IWDG_VS_IWDG
Mcu.Pin16=VP_SYS_VS_Systick
Mcu.Pin17=VP_TIM11_VS_ClockSourceINT
Mcu.Pin18=VP_TIM13_VS_ClockSourceINT
Mcu.Pin19=VP_TIM14_VS_ClockSourceINT
Mcu.Pin2=PH0-OSC_IN
Mcu.Pin3=PH1-OSC_OUT
Mcu.Pin4=PA1
Mcu.Pin5=PA2
Mcu.Pin6=PA6
Mcu.Pin7=PA7
Mcu.Pin8=PB10
Mcu.Pin9=PB11
Mcu.PinsNb=20
Mcu.ThirdPartyNb=0
Mcu.UserConstants=
Mcu.UserName=STM32F407VETx
MxCube.Version=6.0.1
MxDb.Version=DB.6.0.0
NVIC.BusFault_IRQn=true\:0\:0\:false\:false\:true\:false\:false
NVIC.DMA1_Stream2_IRQn=true\:0\:0\:false\:false\:true\:false\:true
NVIC.DMA1_Stream6_IRQn=true\:0\:0\:false\:false\:true\:false\:true
NVIC.DMA1_Stream7_IRQn=true\:0\:0\:false\:false\:true\:false\:true
NVIC.DebugMonitor_IRQn=true\:0\:0\:false\:false\:true\:false\:false
NVIC.ForceEnableDMAVector=true
NVIC.HardFault_IRQn=true\:0\:0\:false\:false\:true\:false\:false
NVIC.MemoryManagement_IRQn=true\:0\:0\:false\:false\:true\:false\:false
NVIC.NonMaskableInt_IRQn=true\:0\:0\:false\:false\:true\:false\:false
NVIC.PendSV_IRQn=true\:0\:0\:false\:false\:true\:false\:false
NVIC.PriorityGroup=NVIC_PRIORITYGROUP_4
NVIC.SVCall_IRQn=true\:0\:0\:false\:false\:true\:false\:false
NVIC.SysTick_IRQn=true\:0\:0\:false\:false\:true\:false\:true
NVIC.TIM8_TRG_COM_TIM14_IRQn=true\:0\:0\:false\:false\:true\:true\:true
NVIC.TIM8_UP_TIM13_IRQn=true\:0\:0\:false\:false\:true\:true\:true
NVIC.UsageFault_IRQn=true\:0\:0\:false\:false\:true\:false\:false
PA1.Locked=true
PA1.Signal=ADCx_IN1
PA10.Mode=Asynchronous
PA10.Signal=USART1_RX
PA2.Locked=true
PA2.Signal=ADCx_IN2
PA6.Locked=true
PA6.Signal=GPIO_Output
PA7.Locked=true
PA7.Signal=GPIO_Output
PA9.Mode=Asynchronous
PA9.Signal=USART1_TX
PB10.Mode=I2C
PB10.Signal=I2C2_SCL
PB11.Mode=I2C
PB11.Signal=I2C2_SDA
PB6.Mode=I2C
PB6.Signal=I2C1_SCL
PB7.Mode=I2C
PB7.Signal=I2C1_SDA
PB8.Locked=true
PB8.Signal=GPIO_Output
PC14-OSC32_IN.Mode=LSE-External-Oscillator
PC14-OSC32_IN.Signal=RCC_OSC32_IN
PC15-OSC32_OUT.Mode=LSE-External-Oscillator
PC15-OSC32_OUT.Signal=RCC_OSC32_OUT
PH0-OSC_IN.Mode=HSE-External-Oscillator
PH0-OSC_IN.Signal=RCC_OSC_IN
PH1-OSC_OUT.Mode=HSE-External-Oscillator
PH1-OSC_OUT.Signal=RCC_OSC_OUT
PinOutPanel.RotationAngle=0
ProjectManager.AskForMigrate=true
ProjectManager.BackupPrevious=false
ProjectManager.CompilerOptimize=6
ProjectManager.ComputerToolchain=false
ProjectManager.CoupleFile=false
ProjectManager.CustomerFirmwarePackage=
ProjectManager.DefaultFWLocation=true
ProjectManager.DeletePrevious=true
ProjectManager.DeviceId=STM32F407VETx
ProjectManager.FirmwarePackage=STM32Cube FW_F4 V1.25.2
ProjectManager.FreePins=false
ProjectManager.HalAssertFull=false
ProjectManager.HeapSize=0x200
ProjectManager.KeepUserCode=true
ProjectManager.LastFirmware=true
ProjectManager.LibraryCopy=1
ProjectManager.MainLocation=Core/Src
ProjectManager.NoMain=false
ProjectManager.PreviousToolchain=STM32CubeIDE
ProjectManager.ProjectBuild=false
ProjectManager.ProjectFileName=HaloCube.ioc
ProjectManager.ProjectName=HaloCube
ProjectManager.RegisterCallBack=
ProjectManager.StackSize=0x400
ProjectManager.TargetToolchain=STM32CubeIDE
ProjectManager.ToolChainLocation=
ProjectManager.UnderRoot=true
ProjectManager.functionlistsort=1-MX_GPIO_Init-GPIO-false-HAL-true,2-MX_DMA_Init-DMA-false-HAL-true,3-SystemClock_Config-RCC-false-HAL-false,4-MX_I2C1_Init-I2C1-false-HAL-true,5-MX_ADC2_Init-ADC2-false-HAL-true,6-MX_ADC3_Init-ADC3-false-HAL-true,7-MX_I2C2_Init-I2C2-false-HAL-true,8-MX_USART1_UART_Init-USART1-false-HAL-true,9-MX_TIM11_Init-TIM11-false-HAL-true,10-MX_TIM13_Init-TIM13-false-HAL-true,11-MX_TIM14_Init-TIM14-false-HAL-true
RCC.48MHZClocksFreq_Value=24000000
RCC.AHBFreq_Value=8000000
RCC.APB1Freq_Value=8000000
RCC.APB1TimFreq_Value=8000000
RCC.APB2Freq_Value=8000000
RCC.APB2TimFreq_Value=8000000
RCC.CortexFreq_Value=8000000
RCC.EthernetFreq_Value=8000000
RCC.FCLKCortexFreq_Value=8000000
RCC.FamilyName=M
RCC.HCLKFreq_Value=8000000
RCC.HSE_VALUE=8000000
RCC.HSI_VALUE=16000000
RCC.I2SClocksFreq_Value=48000000
RCC.IPParameters=48MHZClocksFreq_Value,AHBFreq_Value,APB1Freq_Value,APB1TimFreq_Value,APB2Freq_Value,APB2TimFreq_Value,CortexFreq_Value,EthernetFreq_Value,FCLKCortexFreq_Value,FamilyName,HCLKFreq_Value,HSE_VALUE,HSI_VALUE,I2SClocksFreq_Value,LSI_VALUE,MCO2PinFreq_Value,PLLCLKFreq_Value,PLLQCLKFreq_Value,PLLSourceVirtual,RTCFreq_Value,RTCHSEDivFreq_Value,SYSCLKFreq_VALUE,SYSCLKSource,VCOI2SOutputFreq_Value,VCOInputFreq_Value,VCOOutputFreq_Value,VcooutputI2S
RCC.LSI_VALUE=32000
RCC.MCO2PinFreq_Value=8000000
RCC.PLLCLKFreq_Value=48000000
RCC.PLLQCLKFreq_Value=24000000
RCC.PLLSourceVirtual=RCC_PLLSOURCE_HSE
RCC.RTCFreq_Value=32000
RCC.RTCHSEDivFreq_Value=4000000
RCC.SYSCLKFreq_VALUE=8000000
RCC.SYSCLKSource=RCC_SYSCLKSOURCE_HSE
RCC.VCOI2SOutputFreq_Value=96000000
RCC.VCOInputFreq_Value=500000
RCC.VCOOutputFreq_Value=96000000
RCC.VcooutputI2S=48000000
SH.ADCx_IN1.0=ADC3_IN1,IN1
SH.ADCx_IN1.1=ADC2_IN1
SH.ADCx_IN1.ConfNb=2
SH.ADCx_IN2.0=ADC2_IN2,IN2
SH.ADCx_IN2.ConfNb=1
TIM11.IPParameters=Prescaler,Period
TIM11.Period=249
TIM11.Prescaler=3199
TIM13.IPParameters=Prescaler,Period
TIM13.Period=4
TIM13.Prescaler=3199
TIM14.IPParameters=Prescaler,Period
TIM14.Period=999
TIM14.Prescaler=199
USART1.IPParameters=VirtualMode
USART1.VirtualMode=VM_ASYNC
VP_IWDG_VS_IWDG.Mode=IWDG_Activate
VP_IWDG_VS_IWDG.Signal=IWDG_VS_IWDG
VP_SYS_VS_Systick.Mode=SysTick
VP_SYS_VS_Systick.Signal=SYS_VS_Systick
VP_TIM11_VS_ClockSourceINT.Mode=Enable_Timer
VP_TIM11_VS_ClockSourceINT.Signal=TIM11_VS_ClockSourceINT
VP_TIM13_VS_ClockSourceINT.Mode=Enable_Timer
VP_TIM13_VS_ClockSourceINT.Signal=TIM13_VS_ClockSourceINT
VP_TIM14_VS_ClockSourceINT.Mode=Enable_Timer
VP_TIM14_VS_ClockSourceINT.Signal=TIM14_VS_ClockSourceINT
board=custom
